{
  "name": "testing",
  "version": "1.0.0",
  "lockfileVersion": 2,
  "requires": true,
  "packages": {
    "": {
      "name": "testing",
      "version": "1.0.0",
      "license": "ISC",
      "dependencies": {
        "dotenv": "^16.0.0",
        "miare-sdk": "file:.."
      }
    },
    "..": {
      "name": "@snapp-store/miare-sdk",
      "version": "1.4.5",
      "license": "MIT",
      "dependencies": {
        "axios": "^0.27.2"
      },
      "devDependencies": {
        "@typescript-eslint/eslint-plugin": "^5.21.0",
        "@typescript-eslint/parser": "^5.21.0",
        "eslint": "^8.14.0",
        "eslint-config-airbnb-base": "^15.0.0",
        "eslint-config-prettier": "^8.5.0",
        "eslint-plugin-import": "^2.26.0",
        "eslint-plugin-prettier": "^4.0.0",
        "nodemon": "^2.0.16",
        "prettier": "^2.6.2",
        "ts-node": "^10.7.0",
        "typescript": "^4.6.4"
      }
    },
    "node_modules/dotenv": {
      "version": "16.0.0",
      "resolved": "https://registry.npmjs.org/dotenv/-/dotenv-16.0.0.tgz",
      "integrity": "sha512-qD9WU0MPM4SWLPJy/r2Be+2WgQj8plChsyrCNQzW/0WjvcJQiKQJ9mH3ZgB3fxbUUxgc/11ZJ0Fi5KiimWGz2Q==",
      "engines": {
        "node": ">=12"
      }
    },
    "node_modules/miare-sdk": {
      "resolved": "..",
      "link": true
    }
  },
  "dependencies": {
    "dotenv": {
      "version": "16.0.0",
      "resolved": "https://registry.npmjs.org/dotenv/-/dotenv-16.0.0.tgz",
      "integrity": "sha512-qD9WU0MPM4SWLPJy/r2Be+2WgQj8plChsyrCNQzW/0WjvcJQiKQJ9mH3ZgB3fxbUUxgc/11ZJ0Fi5KiimWGz2Q=="
    },
    "miare-sdk": {
      "version": "file:..",
      "requires": {
        "@typescript-eslint/eslint-plugin": "^5.21.0",
        "@typescript-eslint/parser": "^5.21.0",
        "axios": "^0.27.2",
        "eslint": "^8.14.0",
        "eslint-config-airbnb-base": "^15.0.0",
        "eslint-config-prettier": "^8.5.0",
        "eslint-plugin-import": "^2.26.0",
        "eslint-plugin-prettier": "^4.0.0",
        "nodemon": "^2.0.16",
        "prettier": "^2.6.2",
        "ts-node": "^10.7.0",
        "typescript": "^4.6.4"
      }
    }
  }
}
